
Microsoft Visual Studio Solution File, Format Version 12.00
# Visual Studio Version 17
VisualStudioVersion = 17.3.32929.385
MinimumVisualStudioVersion = 10.0.40219.1
Project("{FAE04EC0-301F-11D3-BF4B-00C04F79EFBC}") = "Day1Exercise", "Day1Exercise\Day1Exercise.csproj", "{AC50C795-82A3-451A-9FAB-ABBB1143158A}"
EndProject
Global
	GlobalSection(SolutionConfigurationPlatforms) = preSolution
		Debug|Any CPU = Debug|Any CPU
		Release|Any CPU = Release|Any CPU
	EndGlobalSection
	GlobalSection(ProjectConfigurationPlatforms) = postSolution
		{AC50C795-82A3-451A-9FAB-ABBB1143158A}.Debug|Any CPU.ActiveCfg = Debug|Any CPU
		{AC50C795-82A3-451A-9FAB-ABBB1143158A}.Debug|Any CPU.Build.0 = Debug|Any CPU
		{AC50C795-82A3-451A-9FAB-ABBB1143158A}.Release|Any CPU.ActiveCfg = Release|Any CPU
		{AC50C795-82A3-451A-9FAB-ABBB1143158A}.Release|Any CPU.Build.0 = Release|Any CPU
	EndGlobalSection
	GlobalSection(SolutionProperties) = preSolution
		HideSolutionNode = FALSE
	EndGlobalSection
	GlobalSection(ExtensibilityGlobals) = postSolution
		SolutionGuid = {CBBCF9D8-65B3-48D3-8466-F27D121F0D60}
	EndGlobalSection
EndGlobal
