
Microsoft Visual Studio Solution File, Format Version 12.00
# Visual Studio Version 17
VisualStudioVersion = 17.3.32929.385
MinimumVisualStudioVersion = 10.0.40219.1
Project("{9A19103F-16F7-4668-BE54-9A1E7A4F7556}") = "Day1Exercise", "Day1Exercise\Day1Exercise.csproj", "{AC50C795-82A3-451A-9FAB-ABBB1143158A}"
EndProject
Project("{2150E333-8FDC-42A3-9474-1A3956D46DE8}") = "Day1", "Day1", "{02AD2BF2-510C-4DFA-9FD2-B25D48F8CC0C}"
EndProject
Project("{2150E333-8FDC-42A3-9474-1A3956D46DE8}") = "Extras", "Extras", "{CD3A5E89-BBBE-48F1-A937-D72C5C6155FB}"
EndProject
Project("{2150E333-8FDC-42A3-9474-1A3956D46DE8}") = "ConsoleApps", "ConsoleApps", "{9889BEDB-B60A-4823-AC8B-7AE4C8CEC54D}"
EndProject
Project("{9A19103F-16F7-4668-BE54-9A1E7A4F7556}") = "AllConsole", "Extras\ConsoleApps\AllConsole\AllConsole.csproj", "{1610BFC0-DB57-4F28-B951-DCE024A213D5}"
EndProject
Project("{2150E333-8FDC-42A3-9474-1A3956D46DE8}") = "Day3", "Day3", "{C653A728-E366-4906-9A8F-16B5A91E3C5F}"
EndProject
Project("{9A19103F-16F7-4668-BE54-9A1E7A4F7556}") = "FirstPublishedApp", "Day2Exercies\FirstPublishedApp\FirstPublishedApp\FirstPublishedApp.csproj", "{E4147DC6-B42B-4B72-A15C-0B91CD74A1D6}"
EndProject
Project("{2150E333-8FDC-42A3-9474-1A3956D46DE8}") = "Day4", "Day4", "{A7C956F5-0E99-41B2-AC1D-1F1088422F9C}"
EndProject
Project("{9A19103F-16F7-4668-BE54-9A1E7A4F7556}") = "Day4", "Day4Exercises\Day4\Day4.csproj", "{B38F29B1-9602-467C-859A-21F026BDDA27}"
EndProject
Project("{9A19103F-16F7-4668-BE54-9A1E7A4F7556}") = "Day3", "Day2Exercies\Day2\Day3.csproj", "{20D1C11F-EBAD-4F6A-B6B0-B5DDBFD52999}"
EndProject
Project("{2150E333-8FDC-42A3-9474-1A3956D46DE8}") = "Day5", "Day5", "{0ABEBDFE-6E02-42F9-A44A-CD2E61ADDA97}"
EndProject
Project("{9A19103F-16F7-4668-BE54-9A1E7A4F7556}") = "Day5", "Day5Exercises\Day5\Day5.csproj", "{3F90046C-AD23-4217-A344-A12B9A13C6B1}"
EndProject
Project("{2150E333-8FDC-42A3-9474-1A3956D46DE8}") = "WebApp", "WebApp", "{4CC5520C-08D1-4BD7-928F-8A1F7C785916}"
EndProject
Project("{9A19103F-16F7-4668-BE54-9A1E7A4F7556}") = "WebApplication1", "Extras\WebApps\WebApplication1\WebApplication1.csproj", "{5240ED27-5814-4BCE-A0B6-FDA1107201E7}"
EndProject
Project("{2150E333-8FDC-42A3-9474-1A3956D46DE8}") = "Day6", "Day6", "{F23BC56A-7E41-4F51-A8EA-75D6F712C7E1}"
EndProject
Project("{FAE04EC0-301F-11D3-BF4B-00C04F79EFBC}") = "Day6", "Day6Exercises\Day6\Day6.csproj", "{84081652-611A-46BA-A5F8-28079E52F77C}"
EndProject
Project("{2150E333-8FDC-42A3-9474-1A3956D46DE8}") = "Benchmarking", "Benchmarking", "{D7B8B04D-F966-45B1-BEC0-970F90B42758}"
EndProject
Project("{FAE04EC0-301F-11D3-BF4B-00C04F79EFBC}") = "ConsoleApp1", "Extras\Benchmarking\ConsoleApp1\ConsoleApp1.csproj", "{96EA3C91-E5E0-4482-A899-ED3882B6EAD3}"
EndProject
Global
	GlobalSection(SolutionConfigurationPlatforms) = preSolution
		Debug|Any CPU = Debug|Any CPU
		Release|Any CPU = Release|Any CPU
	EndGlobalSection
	GlobalSection(ProjectConfigurationPlatforms) = postSolution
		{AC50C795-82A3-451A-9FAB-ABBB1143158A}.Debug|Any CPU.ActiveCfg = Debug|Any CPU
		{AC50C795-82A3-451A-9FAB-ABBB1143158A}.Debug|Any CPU.Build.0 = Debug|Any CPU
		{AC50C795-82A3-451A-9FAB-ABBB1143158A}.Release|Any CPU.ActiveCfg = Release|Any CPU
		{AC50C795-82A3-451A-9FAB-ABBB1143158A}.Release|Any CPU.Build.0 = Release|Any CPU
		{1610BFC0-DB57-4F28-B951-DCE024A213D5}.Debug|Any CPU.ActiveCfg = Debug|Any CPU
		{1610BFC0-DB57-4F28-B951-DCE024A213D5}.Debug|Any CPU.Build.0 = Debug|Any CPU
		{1610BFC0-DB57-4F28-B951-DCE024A213D5}.Release|Any CPU.ActiveCfg = Release|Any CPU
		{1610BFC0-DB57-4F28-B951-DCE024A213D5}.Release|Any CPU.Build.0 = Release|Any CPU
		{E4147DC6-B42B-4B72-A15C-0B91CD74A1D6}.Debug|Any CPU.ActiveCfg = Debug|Any CPU
		{E4147DC6-B42B-4B72-A15C-0B91CD74A1D6}.Debug|Any CPU.Build.0 = Debug|Any CPU
		{E4147DC6-B42B-4B72-A15C-0B91CD74A1D6}.Release|Any CPU.ActiveCfg = Release|Any CPU
		{E4147DC6-B42B-4B72-A15C-0B91CD74A1D6}.Release|Any CPU.Build.0 = Release|Any CPU
		{B38F29B1-9602-467C-859A-21F026BDDA27}.Debug|Any CPU.ActiveCfg = Debug|Any CPU
		{B38F29B1-9602-467C-859A-21F026BDDA27}.Debug|Any CPU.Build.0 = Debug|Any CPU
		{B38F29B1-9602-467C-859A-21F026BDDA27}.Release|Any CPU.ActiveCfg = Release|Any CPU
		{B38F29B1-9602-467C-859A-21F026BDDA27}.Release|Any CPU.Build.0 = Release|Any CPU
		{20D1C11F-EBAD-4F6A-B6B0-B5DDBFD52999}.Debug|Any CPU.ActiveCfg = Debug|Any CPU
		{20D1C11F-EBAD-4F6A-B6B0-B5DDBFD52999}.Debug|Any CPU.Build.0 = Debug|Any CPU
		{20D1C11F-EBAD-4F6A-B6B0-B5DDBFD52999}.Release|Any CPU.ActiveCfg = Release|Any CPU
		{20D1C11F-EBAD-4F6A-B6B0-B5DDBFD52999}.Release|Any CPU.Build.0 = Release|Any CPU
		{3F90046C-AD23-4217-A344-A12B9A13C6B1}.Debug|Any CPU.ActiveCfg = Debug|Any CPU
		{3F90046C-AD23-4217-A344-A12B9A13C6B1}.Debug|Any CPU.Build.0 = Debug|Any CPU
		{3F90046C-AD23-4217-A344-A12B9A13C6B1}.Release|Any CPU.ActiveCfg = Release|Any CPU
		{3F90046C-AD23-4217-A344-A12B9A13C6B1}.Release|Any CPU.Build.0 = Release|Any CPU
		{5240ED27-5814-4BCE-A0B6-FDA1107201E7}.Debug|Any CPU.ActiveCfg = Debug|Any CPU
		{5240ED27-5814-4BCE-A0B6-FDA1107201E7}.Debug|Any CPU.Build.0 = Debug|Any CPU
		{5240ED27-5814-4BCE-A0B6-FDA1107201E7}.Release|Any CPU.ActiveCfg = Release|Any CPU
		{5240ED27-5814-4BCE-A0B6-FDA1107201E7}.Release|Any CPU.Build.0 = Release|Any CPU
		{84081652-611A-46BA-A5F8-28079E52F77C}.Debug|Any CPU.ActiveCfg = Debug|Any CPU
		{84081652-611A-46BA-A5F8-28079E52F77C}.Debug|Any CPU.Build.0 = Debug|Any CPU
		{84081652-611A-46BA-A5F8-28079E52F77C}.Release|Any CPU.ActiveCfg = Release|Any CPU
		{84081652-611A-46BA-A5F8-28079E52F77C}.Release|Any CPU.Build.0 = Release|Any CPU
		{96EA3C91-E5E0-4482-A899-ED3882B6EAD3}.Debug|Any CPU.ActiveCfg = Debug|Any CPU
		{96EA3C91-E5E0-4482-A899-ED3882B6EAD3}.Debug|Any CPU.Build.0 = Debug|Any CPU
		{96EA3C91-E5E0-4482-A899-ED3882B6EAD3}.Release|Any CPU.ActiveCfg = Release|Any CPU
		{96EA3C91-E5E0-4482-A899-ED3882B6EAD3}.Release|Any CPU.Build.0 = Release|Any CPU
	EndGlobalSection
	GlobalSection(SolutionProperties) = preSolution
		HideSolutionNode = FALSE
	EndGlobalSection
	GlobalSection(NestedProjects) = preSolution
		{AC50C795-82A3-451A-9FAB-ABBB1143158A} = {02AD2BF2-510C-4DFA-9FD2-B25D48F8CC0C}
		{9889BEDB-B60A-4823-AC8B-7AE4C8CEC54D} = {CD3A5E89-BBBE-48F1-A937-D72C5C6155FB}
		{1610BFC0-DB57-4F28-B951-DCE024A213D5} = {9889BEDB-B60A-4823-AC8B-7AE4C8CEC54D}
		{E4147DC6-B42B-4B72-A15C-0B91CD74A1D6} = {C653A728-E366-4906-9A8F-16B5A91E3C5F}
		{B38F29B1-9602-467C-859A-21F026BDDA27} = {A7C956F5-0E99-41B2-AC1D-1F1088422F9C}
		{20D1C11F-EBAD-4F6A-B6B0-B5DDBFD52999} = {C653A728-E366-4906-9A8F-16B5A91E3C5F}
		{3F90046C-AD23-4217-A344-A12B9A13C6B1} = {0ABEBDFE-6E02-42F9-A44A-CD2E61ADDA97}
		{4CC5520C-08D1-4BD7-928F-8A1F7C785916} = {CD3A5E89-BBBE-48F1-A937-D72C5C6155FB}
		{5240ED27-5814-4BCE-A0B6-FDA1107201E7} = {4CC5520C-08D1-4BD7-928F-8A1F7C785916}
		{84081652-611A-46BA-A5F8-28079E52F77C} = {F23BC56A-7E41-4F51-A8EA-75D6F712C7E1}
		{D7B8B04D-F966-45B1-BEC0-970F90B42758} = {CD3A5E89-BBBE-48F1-A937-D72C5C6155FB}
		{96EA3C91-E5E0-4482-A899-ED3882B6EAD3} = {D7B8B04D-F966-45B1-BEC0-970F90B42758}
	EndGlobalSection
	GlobalSection(ExtensibilityGlobals) = postSolution
		SolutionGuid = {CBBCF9D8-65B3-48D3-8466-F27D121F0D60}
	EndGlobalSection
EndGlobal
